DEPENDENCIES
  ark
  atom
    git: https://github.com/ecoarium-cookbooks/atom.git
    revision: b587500a50e5bbf6f8c738c8819f62de2d2bfc3f
    tag: 0.2.42
  atom-organism
    git: https://github.com/ecoarium-cookbooks/atom-organism.git
    revision: 06eb527244b6f84d94ee22390e5346ed2ef7ffc8
    tag: 0.1.6
  build-essential
  chef_commons
    git: https://github.com/ecoarium-cookbooks/chef_commons.git
    revision: 5fbd63aa9707314b019c928d42443f2472b8590c
    tag: 1.1.20
  darwin
    git: https://github.com/ecoarium-cookbooks/darwin.git
    revision: e160249191d69585b75f4895776dbe5c1214cd61
    tag: 0.1.1
  homebrew
    git: https://github.com/ecoarium-cookbooks/homebrew.git
    revision: d36bee846ea05427a4e570cac4fbdbdde083f14f
    tag: 4.2.243
  kube
    git: https://github.com/ecoarium-cookbooks/kube.git
    revision: c9464ddbeacc94f17bcac2faeb2c32c9bc54e8e4
    tag: 0.1.4
  kube-organism
    git: https://github.com/ecoarium-cookbooks/kube-organism.git
    revision: c0ce13bab842219f635e5d6c4045f6600b4e0b6f
    tag: 0.1.4
  virtualbox
    git: https://github.com/ecoarium-cookbooks/virtualbox.git
    revision: 5bb8694cfdf201aeb3bee84ef1dc3834030eb6fb
    tag: 0.8.11

GRAPH
  apt (6.1.4)
  ark (3.1.0)
    build-essential (>= 0.0.0)
    seven_zip (>= 0.0.0)
    windows (>= 0.0.0)
  atom (0.2.42)
    apt (>= 0.0.0)
    homebrew (>= 0.0.0)
  atom-organism (0.1.6)
    atom (>= 0.0.0)
  build-essential (8.0.3)
    mingw (>= 1.1)
    seven_zip (>= 0.0.0)
  chef_commons (1.1.20)
    ark (>= 0.0.0)
  darwin (0.1.1)
  dmg (4.1.0)
  homebrew (4.2.243)
  kube (0.1.4)
  kube-organism (0.1.4)
    kube (>= 0.0.0)
  mingw (2.0.1)
    seven_zip (>= 0.0.0)
  ohai (5.2.0)
  seven_zip (2.0.2)
    windows (>= 1.2.2)
  virtualbox (0.8.11)
    dmg (>= 0.0.0)
    windows (>= 0.0.0)
  windows (3.4.0)
    ohai (>= 4.0.0)
